
Microsoft Visual Studio Solution File, Format Version 12.00
# Visual Studio Version 16
VisualStudioVersion = 16.0.31624.102
MinimumVisualStudioVersion = 10.0.40219.1
Project("{FAE04EC0-301F-11D3-BF4B-00C04F79EFBC}") = "MVCWeb_WebAPI", "MVCWeb_WebAPI.csproj", "{4CC7A78C-2652-475B-B59D-6E747F4251CD}"
EndProject
Global
	GlobalSection(SolutionConfigurationPlatforms) = preSolution
		Debug|Any CPU = Debug|Any CPU
		Release|Any CPU = Release|Any CPU
	EndGlobalSection
	GlobalSection(ProjectConfigurationPlatforms) = postSolution
		{4CC7A78C-2652-475B-B59D-6E747F4251CD}.Debug|Any CPU.ActiveCfg = Debug|Any CPU
		{4CC7A78C-2652-475B-B59D-6E747F4251CD}.Debug|Any CPU.Build.0 = Debug|Any CPU
		{4CC7A78C-2652-475B-B59D-6E747F4251CD}.Release|Any CPU.ActiveCfg = Release|Any CPU
		{4CC7A78C-2652-475B-B59D-6E747F4251CD}.Release|Any CPU.Build.0 = Release|Any CPU
	EndGlobalSection
	GlobalSection(SolutionProperties) = preSolution
		HideSolutionNode = FALSE
	EndGlobalSection
	GlobalSection(ExtensibilityGlobals) = postSolution
		SolutionGuid = {E8EB1252-799A-48F1-8F09-A156424E42D6}
	EndGlobalSection
EndGlobal
